// !$*UTF8*$!
{
	archiveVersion = 1;
	classes = {
	};
	objectVersion = 46;
	objects = {

/* Begin PBXBuildFile section */
		CBBC639A1B5B731000102929 /* main.m in Sources */ = {isa = PBXBuildFile; fileRef = CBBC63991B5B731000102929 /* main.m */; };
		CBBC639D1B5B731000102929 /* AppDelegate.m in Sources */ = {isa = PBXBuildFile; fileRef = CBBC639C1B5B731000102929 /* AppDelegate.m */; };
		CBBC63A01B5B731000102929 /* ViewController.m in Sources */ = {isa = PBXBuildFile; fileRef = CBBC639F1B5B731000102929 /* ViewController.m */; };
		CBBC63A31B5B731000102929 /* Main.storyboard in Resources */ = {isa = PBXBuildFile; fileRef = CBBC63A11B5B731000102929 /* Main.storyboard */; };
		CBBC63A51B5B731000102929 /* Images.xcassets in Resources */ = {isa = PBXBuildFile; fileRef = CBBC63A41B5B731000102929 /* Images.xcassets */; };
		CBBC63A81B5B731000102929 /* LaunchScreen.xib in Resources */ = {isa = PBXBuildFile; fileRef = CBBC63A61B5B731000102929 /* LaunchScreen.xib */; };
		CBBC63B41B5B731000102929 /* run_loop_experimentTests.m in Sources */ = {isa = PBXBuildFile; fileRef = CBBC63B31B5B731000102929 /* run_loop_experimentTests.m */; };
/* End PBXBuildFile section */

/* Begin PBXContainerItemProxy section */
		CBBC63AE1B5B731000102929 /* PBXContainerItemProxy */ = {
			isa = PBXContainerItemProxy;
			containerPortal = CBBC638C1B5B731000102929 /* Project object */;
			proxyType = 1;
			remoteGlobalIDString = CBBC63931B5B731000102929;
			remoteInfo = "run-loop-experiment";
		};
/* End PBXContainerItemProxy section */

/* Begin PBXFileReference section */
		CBBC63941B5B731000102929 /* run-loop-experiment.app */ = {isa = PBXFileReference; explicitFileType = wrapper.application; includeInIndex = 0; path = "run-loop-experiment.app"; sourceTree = BUILT_PRODUCTS_DIR; };
		CBBC63981B5B731000102929 /* Info.plist */ = {isa = PBXFileReference; lastKnownFileType = text.plist.xml; path = Info.plist; sourceTree = "<group>"; };
		CBBC63991B5B731000102929 /* main.m */ = {isa = PBXFileReference; lastKnownFileType = sourcecode.c.objc; path = main.m; sourceTree = "<group>"; };
		CBBC639B1B5B731000102929 /* AppDelegate.h */ = {isa = PBXFileReference; lastKnownFileType = sourcecode.c.h; path = AppDelegate.h; sourceTree = "<group>"; };
		CBBC639C1B5B731000102929 /* AppDelegate.m */ = {isa = PBXFileReference; lastKnownFileType = sourcecode.c.objc; path = AppDelegate.m; sourceTree = "<group>"; };
		CBBC639E1B5B731000102929 /* ViewController.h */ = {isa = PBXFileReference; lastKnownFileType = sourcecode.c.h; path = ViewController.h; sourceTree = "<group>"; };
		CBBC639F1B5B731000102929 /* ViewController.m */ = {isa = PBXFileReference; lastKnownFileType = sourcecode.c.objc; path = ViewController.m; sourceTree = "<group>"; };
		CBBC63A21B5B731000102929 /* Base */ = {isa = PBXFileReference; lastKnownFileType = file.storyboard; name = Base; path = Base.lproj/Main.storyboard; sourceTree = "<group>"; };
		CBBC63A41B5B731000102929 /* Images.xcassets */ = {isa = PBXFileReference; lastKnownFileType = folder.assetcatalog; path = Images.xcassets; sourceTree = "<group>"; };
		CBBC63A71B5B731000102929 /* Base */ = {isa = PBXFileReference; lastKnownFileType = file.xib; name = Base; path = Base.lproj/LaunchScreen.xib; sourceTree = "<group>"; };
		CBBC63AD1B5B731000102929 /* run-loop-experimentTests.xctest */ = {isa = PBXFileReference; explicitFileType = wrapper.cfbundle; includeInIndex = 0; path = "run-loop-experimentTests.xctest"; sourceTree = BUILT_PRODUCTS_DIR; };
		CBBC63B21B5B731000102929 /* Info.plist */ = {isa = PBXFileReference; lastKnownFileType = text.plist.xml; path = Info.plist; sourceTree = "<group>"; };
		CBBC63B31B5B731000102929 /* run_loop_experimentTests.m */ = {isa = PBXFileReference; lastKnownFileType = sourcecode.c.objc; path = run_loop_experimentTests.m; sourceTree = "<group>"; };
/* End PBXFileReference section */

/* Begin PBXFrameworksBuildPhase section */
		CBBC63911B5B731000102929 /* Frameworks */ = {
			isa = PBXFrameworksBuildPhase;
			buildActionMask = 2147483647;
			files = (
			);
			runOnlyForDeploymentPostprocessing = 0;
		};
		CBBC63AA1B5B731000102929 /* Frameworks */ = {
			isa = PBXFrameworksBuildPhase;
			buildActionMask = 2147483647;
			files = (
			);
			runOnlyForDeploymentPostprocessing = 0;
		};
/* End PBXFrameworksBuildPhase section */

/* Begin PBXGroup section */
		CBBC638B1B5B731000102929 = {
			isa = PBXGroup;
			children = (
				CBBC63961B5B731000102929 /* run-loop-experiment */,
				CBBC63B01B5B731000102929 /* run-loop-experimentTests */,
				CBBC63951B5B731000102929 /* Products */,
			);
			sourceTree = "<group>";
		};
		CBBC63951B5B731000102929 /* Products */ = {
			isa = PBXGroup;
			children = (
				CBBC63941B5B731000102929 /* run-loop-experiment.app */,
				CBBC63AD1B5B731000102929 /* run-loop-experimentTests.xctest */,
			);
			name = Products;
			sourceTree = "<group>";
		};
		CBBC63961B5B731000102929 /* run-loop-experiment */ = {
			isa = PBXGroup;
			children = (
				CBBC639B1B5B731000102929 /* AppDelegate.h */,
				CBBC639C1B5B731000102929 /* AppDelegate.m */,
				CBBC639E1B5B731000102929 /* ViewController.h */,
				CBBC639F1B5B731000102929 /* ViewController.m */,
				CBBC63A11B5B731000102929 /* Main.storyboard */,
				CBBC63A41B5B731000102929 /* Images.xcassets */,
				CBBC63A61B5B731000102929 /* LaunchScreen.xib */,
				CBBC63971B5B731000102929 /* Supporting Files */,
			);
			path = "run-loop-experiment";
			sourceTree = "<group>";
		};
		CBBC63971B5B731000102929 /* Supporting Files */ = {
			isa = PBXGroup;
			children = (
				CBBC63981B5B731000102929 /* Info.plist */,
				CBBC63991B5B731000102929 /* main.m */,
			);
			name = "Supporting Files";
			sourceTree = "<group>";
		};
		CBBC63B01B5B731000102929 /* run-loop-experimentTests */ = {
			isa = PBXGroup;
			children = (
				CBBC63B31B5B731000102929 /* run_loop_experimentTests.m */,
				CBBC63B11B5B731000102929 /* Supporting Files */,
			);
			path = "run-loop-experimentTests";
			sourceTree = "<group>";
		};
		CBBC63B11B5B731000102929 /* Supporting Files */ = {
			isa = PBXGroup;
			children = (
				CBBC63B21B5B731000102929 /* Info.plist */,
			);
			name = "Supporting Files";
			sourceTree = "<group>";
		};
/* End PBXGroup section */

/* Begin PBXNativeTarget section */
		CBBC63931B5B731000102929 /* run-loop-experiment */ = {
			isa = PBXNativeTarget;
			buildConfigurationList = CBBC63B71B5B731000102929 /* Build configuration list for PBXNativeTarget "run-loop-experiment" */;
			buildPhases = (
				CBBC63901B5B731000102929 /* Sources */,
				CBBC63911B5B731000102929 /* Frameworks */,
				CBBC63921B5B731000102929 /* Resources */,
			);
			buildRules = (
			);
			dependencies = (
			);
			name = "run-loop-experiment";
			productName = "run-loop-experiment";
			productReference = CBBC63941B5B731000102929 /* run-loop-experiment.app */;
			productType = "com.apple.product-type.application";
		};
		CBBC63AC1B5B731000102929 /* run-loop-experimentTests */ = {
			isa = PBXNativeTarget;
			buildConfigurationList = CBBC63BA1B5B731000102929 /* Build configuration list for PBXNativeTarget "run-loop-experimentTests" */;
			buildPhases = (
				CBBC63A91B5B731000102929 /* Sources */,
				CBBC63AA1B5B731000102929 /* Frameworks */,
				CBBC63AB1B5B731000102929 /* Resources */,
			);
			buildRules = (
			);
			dependencies = (
				CBBC63AF1B5B731000102929 /* PBXTargetDependency */,
			);
			name = "run-loop-experimentTests";
			productName = "run-loop-experimentTests";
			productReference = CBBC63AD1B5B731000102929 /* run-loop-experimentTests.xctest */;
			productType = "com.apple.product-type.bundle.unit-test";
		};
/* End PBXNativeTarget section */

/* Begin PBXProject section */
		CBBC638C1B5B731000102929 /* Project object */ = {
			isa = PBXProject;
			attributes = {
				LastUpgradeCheck = 0630;
				ORGANIZATIONNAME = baek;
				TargetAttributes = {
					CBBC63931B5B731000102929 = {
						CreatedOnToolsVersion = 6.3.2;
					};
					CBBC63AC1B5B731000102929 = {
						CreatedOnToolsVersion = 6.3.2;
						TestTargetID = CBBC63931B5B731000102929;
					};
				};
			};
			buildConfigurationList = CBBC638F1B5B731000102929 /* Build configuration list for PBXProject "run-loop-experiment" */;
			compatibilityVersion = "Xcode 3.2";
			developmentRegion = English;
			hasScannedForEncodings = 0;
			knownRegions = (
				en,
				Base,
			);
			mainGroup = CBBC638B1B5B731000102929;
			productRefGroup = CBBC63951B5B731000102929 /* Products */;
			projectDirPath = "";
			projectRoot = "";
			targets = (
				CBBC63931B5B731000102929 /* run-loop-experiment */,
				CBBC63AC1B5B731000102929 /* run-loop-experimentTests */,
			);
		};
/* End PBXProject section */

/* Begin PBXResourcesBuildPhase section */
		CBBC63921B5B731000102929 /* Resources */ = {
			isa = PBXResourcesBuildPhase;
			buildActionMask = 2147483647;
			files = (
				CBBC63A31B5B731000102929 /* Main.storyboard in Resources */,
				CBBC63A81B5B731000102929 /* LaunchScreen.xib in Resources */,
				CBBC63A51B5B731000102929 /* Images.xcassets in Resources */,
			);
			runOnlyForDeploymentPostprocessing = 0;
		};
		CBBC63AB1B5B731000102929 /* Resources */ = {
			isa = PBXResourcesBuildPhase;
			buildActionMask = 2147483647;
			files = (
			);
			runOnlyForDeploymentPostprocessing = 0;
		};
/* End PBXResourcesBuildPhase section */

/* Begin PBXSourcesBuildPhase section */
		CBBC63901B5B731000102929 /* Sources */ = {
			isa = PBXSourcesBuildPhase;
			buildActionMask = 2147483647;
			files = (
				CBBC63A01B5B731000102929 /* ViewController.m in Sources */,
				CBBC639D1B5B731000102929 /* AppDelegate.m in Sources */,
				CBBC639A1B5B731000102929 /* main.m in Sources */,
			);
			runOnlyForDeploymentPostprocessing = 0;
		};
		CBBC63A91B5B731000102929 /* Sources */ = {
			isa = PBXSourcesBuildPhase;
			buildActionMask = 2147483647;
			files = (
				CBBC63B41B5B731000102929 /* run_loop_experimentTests.m in Sources */,
			);
			runOnlyForDeploymentPostprocessing = 0;
		};
/* End PBXSourcesBuildPhase section */

/* Begin PBXTargetDependency section */
		CBBC63AF1B5B731000102929 /* PBXTargetDependency */ = {
			isa = PBXTargetDependency;
			target = CBBC63931B5B731000102929 /* run-loop-experiment */;
			targetProxy = CBBC63AE1B5B731000102929 /* PBXContainerItemProxy */;
		};
/* End PBXTargetDependency section */

/* Begin PBXVariantGroup section */
		CBBC63A11B5B731000102929 /* Main.storyboard */ = {
			isa = PBXVariantGroup;
			children = (
				CBBC63A21B5B731000102929 /* Base */,
			);
			name = Main.storyboard;
			sourceTree = "<group>";
		};
		CBBC63A61B5B731000102929 /* LaunchScreen.xib */ = {
			isa = PBXVariantGroup;
			children = (
				CBBC63A71B5B731000102929 /* Base */,
			);
			name = LaunchScreen.xib;
			sourceTree = "<group>";
		};
/* End PBXVariantGroup section */

/* Begin XCBuildConfiguration section */
		CBBC63B51B5B731000102929 /* Debug */ = {
			isa = XCBuildConfiguration;
			buildSettings = {
				ALWAYS_SEARCH_USER_PATHS = NO;
				CLANG_CXX_LANGUAGE_STANDARD = "gnu++0x";
				CLANG_CXX_LIBRARY = "libc++";
				CLANG_ENABLE_MODULES = YES;
				CLANG_ENABLE_OBJC_ARC = YES;
				CLANG_WARN_BOOL_CONVERSION = YES;
				CLANG_WARN_CONSTANT_CONVERSION = YES;
				CLANG_WARN_DIRECT_OBJC_ISA_USAGE = YES_ERROR;
				CLANG_WARN_EMPTY_BODY = YES;
				CLANG_WARN_ENUM_CONVERSION = YES;
				CLANG_WARN_INT_CONVERSION = YES;
				CLANG_WARN_OBJC_ROOT_CLASS = YES_ERROR;
				CLANG_WARN_UNREACHABLE_CODE = YES;
				CLANG_WARN__DUPLICATE_METHOD_MATCH = YES;
				"CODE_SIGN_IDENTITY[sdk=iphoneos*]" = "iPhone Developer";
				COPY_PHASE_STRIP = NO;
				DEBUG_INFORMATION_FORMAT = "dwarf-with-dsym";
				ENABLE_STRICT_OBJC_MSGSEND = YES;
				GCC_C_LANGUAGE_STANDARD = gnu99;
				GCC_DYNAMIC_NO_PIC = NO;
				GCC_NO_COMMON_BLOCKS = YES;
				GCC_OPTIMIZATION_LEVEL = 0;
				GCC_PREPROCESSOR_DEFINITIONS = (
					"DEBUG=1",
					"$(inherited)",
				);
				GCC_SYMBOLS_PRIVATE_EXTERN = NO;
				GCC_WARN_64_TO_32_BIT_CONVERSION = YES;
				GCC_WARN_ABOUT_RETURN_TYPE = YES_ERROR;
				GCC_WARN_UNDECLARED_SELECTOR = YES;
				GCC_WARN_UNINITIALIZED_AUTOS = YES_AGGRESSIVE;
				GCC_WARN_UNUSED_FUNCTION = YES;
				GCC_WARN_UNUSED_VARIABLE = YES;
				IPHONEOS_DEPLOYMENT_TARGET = 8.3;
				MTL_ENABLE_DEBUG_INFO = YES;
				ONLY_ACTIVE_ARCH = YES;
				SDKROOT = iphoneos;
				TARGETED_DEVICE_FAMILY = "1,2";
			};
			name = Debug;
		};
		CBBC63B61B5B731000102929 /* Release */ = {
			isa = XCBuildConfiguration;
			buildSettings = {
				ALWAYS_SEARCH_USER_PATHS = NO;
				CLANG_CXX_LANGUAGE_STANDARD = "gnu++0x";
				CLANG_CXX_LIBRARY = "libc++";
				CLANG_ENABLE_MODULES = YES;
				CLANG_ENABLE_OBJC_ARC = YES;
				CLANG_WARN_BOOL_CONVERSION = YES;
				CLANG_WARN_CONSTANT_CONVERSION = YES;
				CLANG_WARN_DIRECT_OBJC_ISA_USAGE = YES_ERROR;
				CLANG_WARN_EMPTY_BODY = YES;
				CLANG_WARN_ENUM_CONVERSION = YES;
				CLANG_WARN_INT_CONVERSION = YES;
				CLANG_WARN_OBJC_ROOT_CLASS = YES_ERROR;
				CLANG_WARN_UNREACHABLE_CODE = YES;
				CLANG_WARN__DUPLICATE_METHOD_MATCH = YES;
				"CODE_SIGN_IDENTITY[sdk=iphoneos*]" = "iPhone Developer";
				COPY_PHASE_STRIP = NO;
				DEBUG_INFORMATION_FORMAT = "dwarf-with-dsym";
				ENABLE_NS_ASSERTIONS = NO;
				ENABLE_STRICT_OBJC_MSGSEND = YES;
				GCC_C_LANGUAGE_STANDARD = gnu99;
				GCC_NO_COMMON_BLOCKS = YES;
				GCC_WARN_64_TO_32_BIT_CONVERSION = YES;
				GCC_WARN_ABOUT_RETURN_TYPE = YES_ERROR;
				GCC_WARN_UNDECLARED_SELECTOR = YES;
				GCC_WARN_UNINITIALIZED_AUTOS = YES_AGGRESSIVE;
				GCC_WARN_UNUSED_FUNCTION = YES;
				GCC_WARN_UNUSED_VARIABLE = YES;
				IPHONEOS_DEPLOYMENT_TARGET = 8.3;
				MTL_ENABLE_DEBUG_INFO = NO;
				SDKROOT = iphoneos;
				TARGETED_DEVICE_FAMILY = "1,2";
				VALIDATE_PRODUCT = YES;
			};
			name = Release;
		};
		CBBC63B81B5B731000102929 /* Debug */ = {
			isa = XCBuildConfiguration;
			buildSettings = {
				ASSETCATALOG_COMPILER_APPICON_NAME = AppIcon;
				INFOPLIST_FILE = "run-loop-experiment/Info.plist";
				LD_RUNPATH_SEARCH_PATHS = "$(inherited) @executable_path/Frameworks";
				PRODUCT_NAME = "$(TARGET_NAME)";
			};
			name = Debug;
		};
		CBBC63B91B5B731000102929 /* Release */ = {
			isa = XCBuildConfiguration;
			buildSettings = {
				ASSETCATALOG_COMPILER_APPICON_NAME = AppIcon;
				INFOPLIST_FILE = "run-loop-experiment/Info.plist";
				LD_RUNPATH_SEARCH_PATHS = "$(inherited) @executable_path/Frameworks";
				PRODUCT_NAME = "$(TARGET_NAME)";
			};
			name = Release;
		};
		CBBC63BB1B5B731000102929 /* Debug */ = {
			isa = XCBuildConfiguration;
			buildSettings = {
				BUNDLE_LOADER = "$(TEST_HOST)";
				FRAMEWORK_SEARCH_PATHS = (
					"$(SDKROOT)/Developer/Library/Frameworks",
					"$(inherited)",
				);
				GCC_PREPROCESSOR_DEFINITIONS = (
					"DEBUG=1",
					"$(inherited)",
				);
				INFOPLIST_FILE = "run-loop-experimentTests/Info.plist";
				LD_RUNPATH_SEARCH_PATHS = "$(inherited) @executable_path/Frameworks @loader_path/Frameworks";
				PRODUCT_NAME = "$(TARGET_NAME)";
				TEST_HOST = "$(BUILT_PRODUCTS_DIR)/run-loop-experiment.app/run-loop-experiment";
			};
			name = Debug;
		};
		CBBC63BC1B5B731000102929 /* Release */ = {
			isa = XCBuildConfiguration;
			buildSettings = {
				BUNDLE_LOADER = "$(TEST_HOST)";
				FRAMEWORK_SEARCH_PATHS = (
					"$(SDKROOT)/Developer/Library/Frameworks",
					"$(inherited)",
				);
				INFOPLIST_FILE = "run-loop-experimentTests/Info.plist";
				LD_RUNPATH_SEARCH_PATHS = "$(inherited) @executable_path/Frameworks @loader_path/Frameworks";
				PRODUCT_NAME = "$(TARGET_NAME)";
				TEST_HOST = "$(BUILT_PRODUCTS_DIR)/run-loop-experiment.app/run-loop-experiment";
			};
			name = Release;
		};
/* End XCBuildConfiguration section */

/* Begin XCConfigurationList section */
		CBBC638F1B5B731000102929 /* Build configuration list for PBXProject "run-loop-experiment" */ = {
			isa = XCConfigurationList;
			buildConfigurations = (
				CBBC63B51B5B731000102929 /* Debug */,
				CBBC63B61B5B731000102929 /* Release */,
			);
			defaultConfigurationIsVisible = 0;
			defaultConfigurationName = Release;
		};
		CBBC63B71B5B731000102929 /* Build configuration list for PBXNativeTarget "run-loop-experiment" */ = {
			isa = XCConfigurationList;
			buildConfigurations = (
				CBBC63B81B5B731000102929 /* Debug */,
				CBBC63B91B5B731000102929 /* Release */,
			);
			defaultConfigurationIsVisible = 0;
		};
		CBBC63BA1B5B731000102929 /* Build configuration list for PBXNativeTarget "run-loop-experimentTests" */ = {
			isa = XCConfigurationList;
			buildConfigurations = (
				CBBC63BB1B5B731000102929 /* Debug */,
				CBBC63BC1B5B731000102929 /* Release */,
			);
			defaultConfigurationIsVisible = 0;
		};
/* End XCConfigurationList section */
	};
	rootObject = CBBC638C1B5B731000102929 /* Project object */;
}
